// !$*UTF8*$!
{
	archiveVersion = 1;
	classes = {
	};
	objectVersion = 50;
	objects = {

/* Begin PBXBuildFile section */
		34216D1920B2A1CB00D1848F /* StructViewController.swift in Sources */ = {isa = PBXBuildFile; fileRef = 34216D1820B2A1CB00D1848F /* StructViewController.swift */; };
		34938EF520B29184001B46BE /* AppDelegate.swift in Sources */ = {isa = PBXBuildFile; fileRef = 34938EF420B29184001B46BE /* AppDelegate.swift */; };
		34938EF720B29184001B46BE /* ViewController.swift in Sources */ = {isa = PBXBuildFile; fileRef = 34938EF620B29184001B46BE /* ViewController.swift */; };
		34938EFA20B29185001B46BE /* Main.storyboard in Resources */ = {isa = PBXBuildFile; fileRef = 34938EF820B29185001B46BE /* Main.storyboard */; };
		34938EFC20B2918D001B46BE /* Assets.xcassets in Resources */ = {isa = PBXBuildFile; fileRef = 34938EFB20B2918D001B46BE /* Assets.xcassets */; };
		34938EFF20B2918D001B46BE /* LaunchScreen.storyboard in Resources */ = {isa = PBXBuildFile; fileRef = 34938EFD20B2918D001B46BE /* LaunchScreen.storyboard */; };
		34938F0A20B2918D001B46BE /* iOSPrinciple_NamedTypesTests.swift in Sources */ = {isa = PBXBuildFile; fileRef = 34938F0920B2918D001B46BE /* iOSPrinciple_NamedTypesTests.swift */; };
		34938F1520B2918D001B46BE /* iOSPrinciple_NamedTypesUITests.swift in Sources */ = {isa = PBXBuildFile; fileRef = 34938F1420B2918D001B46BE /* iOSPrinciple_NamedTypesUITests.swift */; };
		34938F2320B29518001B46BE /* EnumViewController.swift in Sources */ = {isa = PBXBuildFile; fileRef = 34938F2220B29518001B46BE /* EnumViewController.swift */; };
/* End PBXBuildFile section */

/* Begin PBXContainerItemProxy section */
		34938F0620B2918D001B46BE /* PBXContainerItemProxy */ = {
			isa = PBXContainerItemProxy;
			containerPortal = 34938EE920B29184001B46BE /* Project object */;
			proxyType = 1;
			remoteGlobalIDString = 34938EF020B29184001B46BE;
			remoteInfo = iOSPrinciple_NamedTypes;
		};
		34938F1120B2918D001B46BE /* PBXContainerItemProxy */ = {
			isa = PBXContainerItemProxy;
			containerPortal = 34938EE920B29184001B46BE /* Project object */;
			proxyType = 1;
			remoteGlobalIDString = 34938EF020B29184001B46BE;
			remoteInfo = iOSPrinciple_NamedTypes;
		};
/* End PBXContainerItemProxy section */

/* Begin PBXFileReference section */
		34216D1820B2A1CB00D1848F /* StructViewController.swift */ = {isa = PBXFileReference; lastKnownFileType = sourcecode.swift; path = StructViewController.swift; sourceTree = "<group>"; };
		34938EF120B29184001B46BE /* iOSPrinciple_NamedTypes.app */ = {isa = PBXFileReference; explicitFileType = wrapper.application; includeInIndex = 0; path = iOSPrinciple_NamedTypes.app; sourceTree = BUILT_PRODUCTS_DIR; };
		34938EF420B29184001B46BE /* AppDelegate.swift */ = {isa = PBXFileReference; lastKnownFileType = sourcecode.swift; path = AppDelegate.swift; sourceTree = "<group>"; };
		34938EF620B29184001B46BE /* ViewController.swift */ = {isa = PBXFileReference; lastKnownFileType = sourcecode.swift; path = ViewController.swift; sourceTree = "<group>"; };
		34938EF920B29185001B46BE /* Base */ = {isa = PBXFileReference; lastKnownFileType = file.storyboard; name = Base; path = Base.lproj/Main.storyboard; sourceTree = "<group>"; };
		34938EFB20B2918D001B46BE /* Assets.xcassets */ = {isa = PBXFileReference; lastKnownFileType = folder.assetcatalog; path = Assets.xcassets; sourceTree = "<group>"; };
		34938EFE20B2918D001B46BE /* Base */ = {isa = PBXFileReference; lastKnownFileType = file.storyboard; name = Base; path = Base.lproj/LaunchScreen.storyboard; sourceTree = "<group>"; };
		34938F0020B2918D001B46BE /* Info.plist */ = {isa = PBXFileReference; lastKnownFileType = text.plist.xml; path = Info.plist; sourceTree = "<group>"; };
		34938F0520B2918D001B46BE /* iOSPrinciple_NamedTypesTests.xctest */ = {isa = PBXFileReference; explicitFileType = wrapper.cfbundle; includeInIndex = 0; path = iOSPrinciple_NamedTypesTests.xctest; sourceTree = BUILT_PRODUCTS_DIR; };
		34938F0920B2918D001B46BE /* iOSPrinciple_NamedTypesTests.swift */ = {isa = PBXFileReference; lastKnownFileType = sourcecode.swift; path = iOSPrinciple_NamedTypesTests.swift; sourceTree = "<group>"; };
		34938F0B20B2918D001B46BE /* Info.plist */ = {isa = PBXFileReference; lastKnownFileType = text.plist.xml; path = Info.plist; sourceTree = "<group>"; };
		34938F1020B2918D001B46BE /* iOSPrinciple_NamedTypesUITests.xctest */ = {isa = PBXFileReference; explicitFileType = wrapper.cfbundle; includeInIndex = 0; path = iOSPrinciple_NamedTypesUITests.xctest; sourceTree = BUILT_PRODUCTS_DIR; };
		34938F1420B2918D001B46BE /* iOSPrinciple_NamedTypesUITests.swift */ = {isa = PBXFileReference; lastKnownFileType = sourcecode.swift; path = iOSPrinciple_NamedTypesUITests.swift; sourceTree = "<group>"; };
		34938F1620B2918D001B46BE /* Info.plist */ = {isa = PBXFileReference; lastKnownFileType = text.plist.xml; path = Info.plist; sourceTree = "<group>"; };
		34938F2220B29518001B46BE /* EnumViewController.swift */ = {isa = PBXFileReference; lastKnownFileType = sourcecode.swift; path = EnumViewController.swift; sourceTree = "<group>"; };
/* End PBXFileReference section */

/* Begin PBXFrameworksBuildPhase section */
		34938EEE20B29184001B46BE /* Frameworks */ = {
			isa = PBXFrameworksBuildPhase;
			buildActionMask = 2147483647;
			files = (
			);
			runOnlyForDeploymentPostprocessing = 0;
		};
		34938F0220B2918D001B46BE /* Frameworks */ = {
			isa = PBXFrameworksBuildPhase;
			buildActionMask = 2147483647;
			files = (
			);
			runOnlyForDeploymentPostprocessing = 0;
		};
		34938F0D20B2918D001B46BE /* Frameworks */ = {
			isa = PBXFrameworksBuildPhase;
			buildActionMask = 2147483647;
			files = (
			);
			runOnlyForDeploymentPostprocessing = 0;
		};
/* End PBXFrameworksBuildPhase section */

/* Begin PBXGroup section */
		34938EE820B29184001B46BE = {
			isa = PBXGroup;
			children = (
				34938EF320B29184001B46BE /* iOSPrinciple_NamedTypes */,
				34938F0820B2918D001B46BE /* iOSPrinciple_NamedTypesTests */,
				34938F1320B2918D001B46BE /* iOSPrinciple_NamedTypesUITests */,
				34938EF220B29184001B46BE /* Products */,
			);
			sourceTree = "<group>";
		};
		34938EF220B29184001B46BE /* Products */ = {
			isa = PBXGroup;
			children = (
				34938EF120B29184001B46BE /* iOSPrinciple_NamedTypes.app */,
				34938F0520B2918D001B46BE /* iOSPrinciple_NamedTypesTests.xctest */,
				34938F1020B2918D001B46BE /* iOSPrinciple_NamedTypesUITests.xctest */,
			);
			name = Products;
			sourceTree = "<group>";
		};
		34938EF320B29184001B46BE /* iOSPrinciple_NamedTypes */ = {
			isa = PBXGroup;
			children = (
				34938EF420B29184001B46BE /* AppDelegate.swift */,
				34938EF620B29184001B46BE /* ViewController.swift */,
				34938F2220B29518001B46BE /* EnumViewController.swift */,
				34216D1820B2A1CB00D1848F /* StructViewController.swift */,
				34938EF820B29185001B46BE /* Main.storyboard */,
				34938EFB20B2918D001B46BE /* Assets.xcassets */,
				34938EFD20B2918D001B46BE /* LaunchScreen.storyboard */,
				34938F0020B2918D001B46BE /* Info.plist */,
			);
			path = iOSPrinciple_NamedTypes;
			sourceTree = "<group>";
		};
		34938F0820B2918D001B46BE /* iOSPrinciple_NamedTypesTests */ = {
			isa = PBXGroup;
			children = (
				34938F0920B2918D001B46BE /* iOSPrinciple_NamedTypesTests.swift */,
				34938F0B20B2918D001B46BE /* Info.plist */,
			);
			path = iOSPrinciple_NamedTypesTests;
			sourceTree = "<group>";
		};
		34938F1320B2918D001B46BE /* iOSPrinciple_NamedTypesUITests */ = {
			isa = PBXGroup;
			children = (
				34938F1420B2918D001B46BE /* iOSPrinciple_NamedTypesUITests.swift */,
				34938F1620B2918D001B46BE /* Info.plist */,
			);
			path = iOSPrinciple_NamedTypesUITests;
			sourceTree = "<group>";
		};
/* End PBXGroup section */

/* Begin PBXNativeTarget section */
		34938EF020B29184001B46BE /* iOSPrinciple_NamedTypes */ = {
			isa = PBXNativeTarget;
			buildConfigurationList = 34938F1920B2918D001B46BE /* Build configuration list for PBXNativeTarget "iOSPrinciple_NamedTypes" */;
			buildPhases = (
				34938EED20B29184001B46BE /* Sources */,
				34938EEE20B29184001B46BE /* Frameworks */,
				34938EEF20B29184001B46BE /* Resources */,
			);
			buildRules = (
			);
			dependencies = (
			);
			name = iOSPrinciple_NamedTypes;
			productName = iOSPrinciple_NamedTypes;
			productReference = 34938EF120B29184001B46BE /* iOSPrinciple_NamedTypes.app */;
			productType = "com.apple.product-type.application";
		};
		34938F0420B2918D001B46BE /* iOSPrinciple_NamedTypesTests */ = {
			isa = PBXNativeTarget;
			buildConfigurationList = 34938F1C20B2918D001B46BE /* Build configuration list for PBXNativeTarget "iOSPrinciple_NamedTypesTests" */;
			buildPhases = (
				34938F0120B2918D001B46BE /* Sources */,
				34938F0220B2918D001B46BE /* Frameworks */,
				34938F0320B2918D001B46BE /* Resources */,
			);
			buildRules = (
			);
			dependencies = (
				34938F0720B2918D001B46BE /* PBXTargetDependency */,
			);
			name = iOSPrinciple_NamedTypesTests;
			productName = iOSPrinciple_NamedTypesTests;
			productReference = 34938F0520B2918D001B46BE /* iOSPrinciple_NamedTypesTests.xctest */;
			productType = "com.apple.product-type.bundle.unit-test";
		};
		34938F0F20B2918D001B46BE /* iOSPrinciple_NamedTypesUITests */ = {
			isa = PBXNativeTarget;
			buildConfigurationList = 34938F1F20B2918D001B46BE /* Build configuration list for PBXNativeTarget "iOSPrinciple_NamedTypesUITests" */;
			buildPhases = (
				34938F0C20B2918D001B46BE /* Sources */,
				34938F0D20B2918D001B46BE /* Frameworks */,
				34938F0E20B2918D001B46BE /* Resources */,
			);
			buildRules = (
			);
			dependencies = (
				34938F1220B2918D001B46BE /* PBXTargetDependency */,
			);
			name = iOSPrinciple_NamedTypesUITests;
			productName = iOSPrinciple_NamedTypesUITests;
			productReference = 34938F1020B2918D001B46BE /* iOSPrinciple_NamedTypesUITests.xctest */;
			productType = "com.apple.product-type.bundle.ui-testing";
		};
/* End PBXNativeTarget section */

/* Begin PBXProject section */
		34938EE920B29184001B46BE /* Project object */ = {
			isa = PBXProject;
			attributes = {
				LastSwiftUpdateCheck = 0930;
				LastUpgradeCheck = 0930;
				ORGANIZATIONNAME = WhatsXie;
				TargetAttributes = {
					34938EF020B29184001B46BE = {
						CreatedOnToolsVersion = 9.3;
					};
					34938F0420B2918D001B46BE = {
						CreatedOnToolsVersion = 9.3;
						TestTargetID = 34938EF020B29184001B46BE;
					};
					34938F0F20B2918D001B46BE = {
						CreatedOnToolsVersion = 9.3;
						TestTargetID = 34938EF020B29184001B46BE;
					};
				};
			};
			buildConfigurationList = 34938EEC20B29184001B46BE /* Build configuration list for PBXProject "iOSPrinciple_NamedTypes" */;
			compatibilityVersion = "Xcode 9.3";
			developmentRegion = en;
			hasScannedForEncodings = 0;
			knownRegions = (
				en,
				Base,
			);
			mainGroup = 34938EE820B29184001B46BE;
			productRefGroup = 34938EF220B29184001B46BE /* Products */;
			projectDirPath = "";
			projectRoot = "";
			targets = (
				34938EF020B29184001B46BE /* iOSPrinciple_NamedTypes */,
				34938F0420B2918D001B46BE /* iOSPrinciple_NamedTypesTests */,
				34938F0F20B2918D001B46BE /* iOSPrinciple_NamedTypesUITests */,
			);
		};
/* End PBXProject section */

/* Begin PBXResourcesBuildPhase section */
		34938EEF20B29184001B46BE /* Resources */ = {
			isa = PBXResourcesBuildPhase;
			buildActionMask = 2147483647;
			files = (
				34938EFF20B2918D001B46BE /* LaunchScreen.storyboard in Resources */,
				34938EFC20B2918D001B46BE /* Assets.xcassets in Resources */,
				34938EFA20B29185001B46BE /* Main.storyboard in Resources */,
			);
			runOnlyForDeploymentPostprocessing = 0;
		};
		34938F0320B2918D001B46BE /* Resources */ = {
			isa = PBXResourcesBuildPhase;
			buildActionMask = 2147483647;
			files = (
			);
			runOnlyForDeploymentPostprocessing = 0;
		};
		34938F0E20B2918D001B46BE /* Resources */ = {
			isa = PBXResourcesBuildPhase;
			buildActionMask = 2147483647;
			files = (
			);
			runOnlyForDeploymentPostprocessing = 0;
		};
/* End PBXResourcesBuildPhase section */

/* Begin PBXSourcesBuildPhase section */
		34938EED20B29184001B46BE /* Sources */ = {
			isa = PBXSourcesBuildPhase;
			buildActionMask = 2147483647;
			files = (
				34938EF720B29184001B46BE /* ViewController.swift in Sources */,
				34216D1920B2A1CB00D1848F /* StructViewController.swift in Sources */,
				34938F2320B29518001B46BE /* EnumViewController.swift in Sources */,
				34938EF520B29184001B46BE /* AppDelegate.swift in Sources */,
			);
			runOnlyForDeploymentPostprocessing = 0;
		};
		34938F0120B2918D001B46BE /* Sources */ = {
			isa = PBXSourcesBuildPhase;
			buildActionMask = 2147483647;
			files = (
				34938F0A20B2918D001B46BE /* iOSPrinciple_NamedTypesTests.swift in Sources */,
			);
			runOnlyForDeploymentPostprocessing = 0;
		};
		34938F0C20B2918D001B46BE /* Sources */ = {
			isa = PBXSourcesBuildPhase;
			buildActionMask = 2147483647;
			files = (
				34938F1520B2918D001B46BE /* iOSPrinciple_NamedTypesUITests.swift in Sources */,
			);
			runOnlyForDeploymentPostprocessing = 0;
		};
/* End PBXSourcesBuildPhase section */

/* Begin PBXTargetDependency section */
		34938F0720B2918D001B46BE /* PBXTargetDependency */ = {
			isa = PBXTargetDependency;
			target = 34938EF020B29184001B46BE /* iOSPrinciple_NamedTypes */;
			targetProxy = 34938F0620B2918D001B46BE /* PBXContainerItemProxy */;
		};
		34938F1220B2918D001B46BE /* PBXTargetDependency */ = {
			isa = PBXTargetDependency;
			target = 34938EF020B29184001B46BE /* iOSPrinciple_NamedTypes */;
			targetProxy = 34938F1120B2918D001B46BE /* PBXContainerItemProxy */;
		};
/* End PBXTargetDependency section */

/* Begin PBXVariantGroup section */
		34938EF820B29185001B46BE /* Main.storyboard */ = {
			isa = PBXVariantGroup;
			children = (
				34938EF920B29185001B46BE /* Base */,
			);
			name = Main.storyboard;
			sourceTree = "<group>";
		};
		34938EFD20B2918D001B46BE /* LaunchScreen.storyboard */ = {
			isa = PBXVariantGroup;
			children = (
				34938EFE20B2918D001B46BE /* Base */,
			);
			name = LaunchScreen.storyboard;
			sourceTree = "<group>";
		};
/* End PBXVariantGroup section */

/* Begin XCBuildConfiguration section */
		34938F1720B2918D001B46BE /* Debug */ = {
			isa = XCBuildConfiguration;
			buildSettings = {
				ALWAYS_SEARCH_USER_PATHS = NO;
				CLANG_ANALYZER_NONNULL = YES;
				CLANG_ANALYZER_NUMBER_OBJECT_CONVERSION = YES_AGGRESSIVE;
				CLANG_CXX_LANGUAGE_STANDARD = "gnu++14";
				CLANG_CXX_LIBRARY = "libc++";
				CLANG_ENABLE_MODULES = YES;
				CLANG_ENABLE_OBJC_ARC = YES;
				CLANG_ENABLE_OBJC_WEAK = YES;
				CLANG_WARN_BLOCK_CAPTURE_AUTORELEASING = YES;
				CLANG_WARN_BOOL_CONVERSION = YES;
				CLANG_WARN_COMMA = YES;
				CLANG_WARN_CONSTANT_CONVERSION = YES;
				CLANG_WARN_DEPRECATED_OBJC_IMPLEMENTATIONS = YES;
				CLANG_WARN_DIRECT_OBJC_ISA_USAGE = YES_ERROR;
				CLANG_WARN_DOCUMENTATION_COMMENTS = YES;
				CLANG_WARN_EMPTY_BODY = YES;
				CLANG_WARN_ENUM_CONVERSION = YES;
				CLANG_WARN_INFINITE_RECURSION = YES;
				CLANG_WARN_INT_CONVERSION = YES;
				CLANG_WARN_NON_LITERAL_NULL_CONVERSION = YES;
				CLANG_WARN_OBJC_IMPLICIT_RETAIN_SELF = YES;
				CLANG_WARN_OBJC_LITERAL_CONVERSION = YES;
				CLANG_WARN_OBJC_ROOT_CLASS = YES_ERROR;
				CLANG_WARN_RANGE_LOOP_ANALYSIS = YES;
				CLANG_WARN_STRICT_PROTOTYPES = YES;
				CLANG_WARN_SUSPICIOUS_MOVE = YES;
				CLANG_WARN_UNGUARDED_AVAILABILITY = YES_AGGRESSIVE;
				CLANG_WARN_UNREACHABLE_CODE = YES;
				CLANG_WARN__DUPLICATE_METHOD_MATCH = YES;
				CODE_SIGN_IDENTITY = "iPhone Developer";
				COPY_PHASE_STRIP = NO;
				DEBUG_INFORMATION_FORMAT = dwarf;
				ENABLE_STRICT_OBJC_MSGSEND = YES;
				ENABLE_TESTABILITY = YES;
				GCC_C_LANGUAGE_STANDARD = gnu11;
				GCC_DYNAMIC_NO_PIC = NO;
				GCC_NO_COMMON_BLOCKS = YES;
				GCC_OPTIMIZATION_LEVEL = 0;
				GCC_PREPROCESSOR_DEFINITIONS = (
					"DEBUG=1",
					"$(inherited)",
				);
				GCC_WARN_64_TO_32_BIT_CONVERSION = YES;
				GCC_WARN_ABOUT_RETURN_TYPE = YES_ERROR;
				GCC_WARN_UNDECLARED_SELECTOR = YES;
				GCC_WARN_UNINITIALIZED_AUTOS = YES_AGGRESSIVE;
				GCC_WARN_UNUSED_FUNCTION = YES;
				GCC_WARN_UNUSED_VARIABLE = YES;
				IPHONEOS_DEPLOYMENT_TARGET = 11.3;
				MTL_ENABLE_DEBUG_INFO = YES;
				ONLY_ACTIVE_ARCH = YES;
				SDKROOT = iphoneos;
				SWIFT_ACTIVE_COMPILATION_CONDITIONS = DEBUG;
				SWIFT_OPTIMIZATION_LEVEL = "-Onone";
			};
			name = Debug;
		};
		34938F1820B2918D001B46BE /* Release */ = {
			isa = XCBuildConfiguration;
			buildSettings = {
				ALWAYS_SEARCH_USER_PATHS = NO;
				CLANG_ANALYZER_NONNULL = YES;
				CLANG_ANALYZER_NUMBER_OBJECT_CONVERSION = YES_AGGRESSIVE;
				CLANG_CXX_LANGUAGE_STANDARD = "gnu++14";
				CLANG_CXX_LIBRARY = "libc++";
				CLANG_ENABLE_MODULES = YES;
				CLANG_ENABLE_OBJC_ARC = YES;
				CLANG_ENABLE_OBJC_WEAK = YES;
				CLANG_WARN_BLOCK_CAPTURE_AUTORELEASING = YES;
				CLANG_WARN_BOOL_CONVERSION = YES;
				CLANG_WARN_COMMA = YES;
				CLANG_WARN_CONSTANT_CONVERSION = YES;
				CLANG_WARN_DEPRECATED_OBJC_IMPLEMENTATIONS = YES;
				CLANG_WARN_DIRECT_OBJC_ISA_USAGE = YES_ERROR;
				CLANG_WARN_DOCUMENTATION_COMMENTS = YES;
				CLANG_WARN_EMPTY_BODY = YES;
				CLANG_WARN_ENUM_CONVERSION = YES;
				CLANG_WARN_INFINITE_RECURSION = YES;
				CLANG_WARN_INT_CONVERSION = YES;
				CLANG_WARN_NON_LITERAL_NULL_CONVERSION = YES;
				CLANG_WARN_OBJC_IMPLICIT_RETAIN_SELF = YES;
				CLANG_WARN_OBJC_LITERAL_CONVERSION = YES;
				CLANG_WARN_OBJC_ROOT_CLASS = YES_ERROR;
				CLANG_WARN_RANGE_LOOP_ANALYSIS = YES;
				CLANG_WARN_STRICT_PROTOTYPES = YES;
				CLANG_WARN_SUSPICIOUS_MOVE = YES;
				CLANG_WARN_UNGUARDED_AVAILABILITY = YES_AGGRESSIVE;
				CLANG_WARN_UNREACHABLE_CODE = YES;
				CLANG_WARN__DUPLICATE_METHOD_MATCH = YES;
				CODE_SIGN_IDENTITY = "iPhone Developer";
				COPY_PHASE_STRIP = NO;
				DEBUG_INFORMATION_FORMAT = "dwarf-with-dsym";
				ENABLE_NS_ASSERTIONS = NO;
				ENABLE_STRICT_OBJC_MSGSEND = YES;
				GCC_C_LANGUAGE_STANDARD = gnu11;
				GCC_NO_COMMON_BLOCKS = YES;
				GCC_WARN_64_TO_32_BIT_CONVERSION = YES;
				GCC_WARN_ABOUT_RETURN_TYPE = YES_ERROR;
				GCC_WARN_UNDECLARED_SELECTOR = YES;
				GCC_WARN_UNINITIALIZED_AUTOS = YES_AGGRESSIVE;
				GCC_WARN_UNUSED_FUNCTION = YES;
				GCC_WARN_UNUSED_VARIABLE = YES;
				IPHONEOS_DEPLOYMENT_TARGET = 11.3;
				MTL_ENABLE_DEBUG_INFO = NO;
				SDKROOT = iphoneos;
				SWIFT_COMPILATION_MODE = wholemodule;
				SWIFT_OPTIMIZATION_LEVEL = "-O";
				VALIDATE_PRODUCT = YES;
			};
			name = Release;
		};
		34938F1A20B2918D001B46BE /* Debug */ = {
			isa = XCBuildConfiguration;
			buildSettings = {
				ASSETCATALOG_COMPILER_APPICON_NAME = AppIcon;
				CODE_SIGN_STYLE = Automatic;
				INFOPLIST_FILE = iOSPrinciple_NamedTypes/Info.plist;
				LD_RUNPATH_SEARCH_PATHS = (
					"$(inherited)",
					"@executable_path/Frameworks",
				);
				PRODUCT_BUNDLE_IDENTIFIER = "R.S..iOSPrinciple-NamedTypes";
				PRODUCT_NAME = "$(TARGET_NAME)";
				SWIFT_VERSION = 4.0;
				TARGETED_DEVICE_FAMILY = "1,2";
			};
			name = Debug;
		};
		34938F1B20B2918D001B46BE /* Release */ = {
			isa = XCBuildConfiguration;
			buildSettings = {
				ASSETCATALOG_COMPILER_APPICON_NAME = AppIcon;
				CODE_SIGN_STYLE = Automatic;
				INFOPLIST_FILE = iOSPrinciple_NamedTypes/Info.plist;
				LD_RUNPATH_SEARCH_PATHS = (
					"$(inherited)",
					"@executable_path/Frameworks",
				);
				PRODUCT_BUNDLE_IDENTIFIER = "R.S..iOSPrinciple-NamedTypes";
				PRODUCT_NAME = "$(TARGET_NAME)";
				SWIFT_VERSION = 4.0;
				TARGETED_DEVICE_FAMILY = "1,2";
			};
			name = Release;
		};
		34938F1D20B2918D001B46BE /* Debug */ = {
			isa = XCBuildConfiguration;
			buildSettings = {
				ALWAYS_EMBED_SWIFT_STANDARD_LIBRARIES = YES;
				BUNDLE_LOADER = "$(TEST_HOST)";
				CODE_SIGN_STYLE = Automatic;
				INFOPLIST_FILE = iOSPrinciple_NamedTypesTests/Info.plist;
				LD_RUNPATH_SEARCH_PATHS = (
					"$(inherited)",
					"@executable_path/Frameworks",
					"@loader_path/Frameworks",
				);
				PRODUCT_BUNDLE_IDENTIFIER = "R.S..iOSPrinciple-NamedTypesTests";
				PRODUCT_NAME = "$(TARGET_NAME)";
				SWIFT_VERSION = 4.0;
				TARGETED_DEVICE_FAMILY = "1,2";
				TEST_HOST = "$(BUILT_PRODUCTS_DIR)/iOSPrinciple_NamedTypes.app/iOSPrinciple_NamedTypes";
			};
			name = Debug;
		};
		34938F1E20B2918D001B46BE /* Release */ = {
			isa = XCBuildConfiguration;
			buildSettings = {
				ALWAYS_EMBED_SWIFT_STANDARD_LIBRARIES = YES;
				BUNDLE_LOADER = "$(TEST_HOST)";
				CODE_SIGN_STYLE = Automatic;
				INFOPLIST_FILE = iOSPrinciple_NamedTypesTests/Info.plist;
				LD_RUNPATH_SEARCH_PATHS = (
					"$(inherited)",
					"@executable_path/Frameworks",
					"@loader_path/Frameworks",
				);
				PRODUCT_BUNDLE_IDENTIFIER = "R.S..iOSPrinciple-NamedTypesTests";
				PRODUCT_NAME = "$(TARGET_NAME)";
				SWIFT_VERSION = 4.0;
				TARGETED_DEVICE_FAMILY = "1,2";
				TEST_HOST = "$(BUILT_PRODUCTS_DIR)/iOSPrinciple_NamedTypes.app/iOSPrinciple_NamedTypes";
			};
			name = Release;
		};
		34938F2020B2918D001B46BE /* Debug */ = {
			isa = XCBuildConfiguration;
			buildSettings = {
				ALWAYS_EMBED_SWIFT_STANDARD_LIBRARIES = YES;
				CODE_SIGN_STYLE = Automatic;
				INFOPLIST_FILE = iOSPrinciple_NamedTypesUITests/Info.plist;
				LD_RUNPATH_SEARCH_PATHS = (
					"$(inherited)",
					"@executable_path/Frameworks",
					"@loader_path/Frameworks",
				);
				PRODUCT_BUNDLE_IDENTIFIER = "R.S..iOSPrinciple-NamedTypesUITests";
				PRODUCT_NAME = "$(TARGET_NAME)";
				SWIFT_VERSION = 4.0;
				TARGETED_DEVICE_FAMILY = "1,2";
				TEST_TARGET_NAME = iOSPrinciple_NamedTypes;
			};
			name = Debug;
		};
		34938F2120B2918D001B46BE /* Release */ = {
			isa = XCBuildConfiguration;
			buildSettings = {
				ALWAYS_EMBED_SWIFT_STANDARD_LIBRARIES = YES;
				CODE_SIGN_STYLE = Automatic;
				INFOPLIST_FILE = iOSPrinciple_NamedTypesUITests/Info.plist;
				LD_RUNPATH_SEARCH_PATHS = (
					"$(inherited)",
					"@executable_path/Frameworks",
					"@loader_path/Frameworks",
				);
				PRODUCT_BUNDLE_IDENTIFIER = "R.S..iOSPrinciple-NamedTypesUITests";
				PRODUCT_NAME = "$(TARGET_NAME)";
				SWIFT_VERSION = 4.0;
				TARGETED_DEVICE_FAMILY = "1,2";
				TEST_TARGET_NAME = iOSPrinciple_NamedTypes;
			};
			name = Release;
		};
/* End XCBuildConfiguration section */

/* Begin XCConfigurationList section */
		34938EEC20B29184001B46BE /* Build configuration list for PBXProject "iOSPrinciple_NamedTypes" */ = {
			isa = XCConfigurationList;
			buildConfigurations = (
				34938F1720B2918D001B46BE /* Debug */,
				34938F1820B2918D001B46BE /* Release */,
			);
			defaultConfigurationIsVisible = 0;
			defaultConfigurationName = Release;
		};
		34938F1920B2918D001B46BE /* Build configuration list for PBXNativeTarget "iOSPrinciple_NamedTypes" */ = {
			isa = XCConfigurationList;
			buildConfigurations = (
				34938F1A20B2918D001B46BE /* Debug */,
				34938F1B20B2918D001B46BE /* Release */,
			);
			defaultConfigurationIsVisible = 0;
			defaultConfigurationName = Release;
		};
		34938F1C20B2918D001B46BE /* Build configuration list for PBXNativeTarget "iOSPrinciple_NamedTypesTests" */ = {
			isa = XCConfigurationList;
			buildConfigurations = (
				34938F1D20B2918D001B46BE /* Debug */,
				34938F1E20B2918D001B46BE /* Release */,
			);
			defaultConfigurationIsVisible = 0;
			defaultConfigurationName = Release;
		};
		34938F1F20B2918D001B46BE /* Build configuration list for PBXNativeTarget "iOSPrinciple_NamedTypesUITests" */ = {
			isa = XCConfigurationList;
			buildConfigurations = (
				34938F2020B2918D001B46BE /* Debug */,
				34938F2120B2918D001B46BE /* Release */,
			);
			defaultConfigurationIsVisible = 0;
			defaultConfigurationName = Release;
		};
/* End XCConfigurationList section */
	};
	rootObject = 34938EE920B29184001B46BE /* Project object */;
}
